schema: '2.0'
stages:
  data_cleaning:
    cmd: python data_cleaning.py
    deps:
    - path: data/Music Info.csv
      hash: md5
      md5: e63b74919a3cdada5c804df4666391c9
      size: 14985870
    - path: data_cleaning.py
      hash: md5
      md5: 9d0fcb6d3678fbbc45c1bd0757163dc5
      size: 2012
    outs:
    - path: data/cleaned_data.csv
      hash: md5
      md5: 617eeae80f7d95ecff53dc573bccb472
      size: 13658961
  interaction_data:
    cmd: python collaborative_filtering.py
    deps:
    - path: collaborative_filtering.py
      hash: md5
      md5: 762e0a3c2a18ee15b251fdc2b963c425
      size: 5222
    - path: data/User Listening History.csv
      hash: md5
      md5: 3a12e713844195171c7040c051d6d4ae
      size: 602515573
    - path: data/cleaned_data.csv
      hash: md5
      md5: 617eeae80f7d95ecff53dc573bccb472
      size: 13658961
    outs:
    - path: data/collab_filtered_data.csv
      hash: md5
      md5: 1f0e5855745925da1f450d3ad88cf79a
      size: 8229469
    - path: data/interaction_matrix.npz
      hash: md5
      md5: d5f5b2bc5d7f6cd6e6d21c73a39da5fc
      size: 32311353
    - path: data/track_ids.npy
      hash: md5
      md5: 4a52e4cb6bae6b0126c1344dac7c7686
      size: 640058
  transform_data:
    cmd: python content_based_filtering.py
    deps:
    - path: content_based_filtering.py
      hash: md5
      md5: a65c2e3f243e00f55a64973f24479995
      size: 7515
    - path: data/cleaned_data.csv
      hash: md5
      md5: 617eeae80f7d95ecff53dc573bccb472
      size: 13658961
    - path: data_cleaning.py
      hash: md5
      md5: 9d0fcb6d3678fbbc45c1bd0757163dc5
      size: 2012
    outs:
    - path: data/transformed_data.npz
      hash: md5
      md5: c5a78ea175e3602b48afc1910250541e
      size: 4522796
    - path: transformer.joblib
      hash: md5
      md5: a737547be10831f33d33531a1efb8ecd
      size: 135318
  transformed_filtered_data:
    cmd: python transform_filtered_data.py
    deps:
    - path: content_based_filtering.py
      hash: md5
      md5: a65c2e3f243e00f55a64973f24479995
      size: 7515
    - path: data/collab_filtered_data.csv
      hash: md5
      md5: 1f0e5855745925da1f450d3ad88cf79a
      size: 8229469
    - path: data_cleaning.py
      hash: md5
      md5: 9d0fcb6d3678fbbc45c1bd0757163dc5
      size: 2012
    - path: transform_filtered_data.py
      hash: md5
      md5: b4c81672deab0dcbdbe1c0bc8bdf97b6
      size: 3006
    outs:
    - path: data/transformed_hybrid_data.npz
      hash: md5
      md5: 7d1e5ef9c00d9e104511f7e6ac275e56
      size: 2726377
    - path: hybrid_transformer.joblib
      hash: md5
      md5: c61944b8416dee96e173f55df0ab5134
      size: 580507
